
Microsoft Visual Studio Solution File, Format Version 12.00
# Visual Studio Version 16
VisualStudioVersion = 16.0.30523.141
MinimumVisualStudioVersion = 10.0.40219.1
Project("{FAE04EC0-301F-11D3-BF4B-00C04F79EFBC}") = "Image8", "Image8\Image8.csproj", "{BE2D0D04-2F5F-45AF-9516-CD351DDB5510}"
EndProject
Global
	GlobalSection(SolutionConfigurationPlatforms) = preSolution
		Debug|Any CPU = Debug|Any CPU
		Release|Any CPU = Release|Any CPU
	EndGlobalSection
	GlobalSection(ProjectConfigurationPlatforms) = postSolution
		{BE2D0D04-2F5F-45AF-9516-CD351DDB5510}.Debug|Any CPU.ActiveCfg = Debug|Any CPU
		{BE2D0D04-2F5F-45AF-9516-CD351DDB5510}.Debug|Any CPU.Build.0 = Debug|Any CPU
		{BE2D0D04-2F5F-45AF-9516-CD351DDB5510}.Release|Any CPU.ActiveCfg = Release|Any CPU
		{BE2D0D04-2F5F-45AF-9516-CD351DDB5510}.Release|Any CPU.Build.0 = Release|Any CPU
	EndGlobalSection
	GlobalSection(SolutionProperties) = preSolution
		HideSolutionNode = FALSE
	EndGlobalSection
	GlobalSection(ExtensibilityGlobals) = postSolution
		SolutionGuid = {936460F3-ADB9-4C9B-9F30-9D35738B3F95}
	EndGlobalSection
EndGlobal
