
Microsoft Visual Studio Solution File, Format Version 12.00
# Visual Studio Version 16
VisualStudioVersion = 16.0.31129.286
MinimumVisualStudioVersion = 10.0.40219.1
Project("{FAE04EC0-301F-11D3-BF4B-00C04F79EFBC}") = "Image11", "Image11\Image11.csproj", "{4BDA930E-45E7-466C-9FDB-00F58841522E}"
EndProject
Global
	GlobalSection(SolutionConfigurationPlatforms) = preSolution
		Debug|Any CPU = Debug|Any CPU
		Release|Any CPU = Release|Any CPU
	EndGlobalSection
	GlobalSection(ProjectConfigurationPlatforms) = postSolution
		{4BDA930E-45E7-466C-9FDB-00F58841522E}.Debug|Any CPU.ActiveCfg = Debug|Any CPU
		{4BDA930E-45E7-466C-9FDB-00F58841522E}.Debug|Any CPU.Build.0 = Debug|Any CPU
		{4BDA930E-45E7-466C-9FDB-00F58841522E}.Release|Any CPU.ActiveCfg = Release|Any CPU
		{4BDA930E-45E7-466C-9FDB-00F58841522E}.Release|Any CPU.Build.0 = Release|Any CPU
	EndGlobalSection
	GlobalSection(SolutionProperties) = preSolution
		HideSolutionNode = FALSE
	EndGlobalSection
	GlobalSection(ExtensibilityGlobals) = postSolution
		SolutionGuid = {567BFD34-4F08-469D-A87E-3C35849F7752}
	EndGlobalSection
EndGlobal
