
Microsoft Visual Studio Solution File, Format Version 12.00
# Visual Studio Version 16
VisualStudioVersion = 16.0.30523.141
MinimumVisualStudioVersion = 10.0.40219.1
Project("{FAE04EC0-301F-11D3-BF4B-00C04F79EFBC}") = "Image3", "Image3\Image3.csproj", "{97BED99B-F52F-4F73-AAB3-779277FDB394}"
EndProject
Global
	GlobalSection(SolutionConfigurationPlatforms) = preSolution
		Debug|Any CPU = Debug|Any CPU
		Release|Any CPU = Release|Any CPU
	EndGlobalSection
	GlobalSection(ProjectConfigurationPlatforms) = postSolution
		{97BED99B-F52F-4F73-AAB3-779277FDB394}.Debug|Any CPU.ActiveCfg = Debug|Any CPU
		{97BED99B-F52F-4F73-AAB3-779277FDB394}.Debug|Any CPU.Build.0 = Debug|Any CPU
		{97BED99B-F52F-4F73-AAB3-779277FDB394}.Release|Any CPU.ActiveCfg = Release|Any CPU
		{97BED99B-F52F-4F73-AAB3-779277FDB394}.Release|Any CPU.Build.0 = Release|Any CPU
	EndGlobalSection
	GlobalSection(SolutionProperties) = preSolution
		HideSolutionNode = FALSE
	EndGlobalSection
	GlobalSection(ExtensibilityGlobals) = postSolution
		SolutionGuid = {4EDA5B49-CB0E-4198-BC0B-5A10DDF24503}
	EndGlobalSection
EndGlobal
