
Microsoft Visual Studio Solution File, Format Version 12.00
# Visual Studio Version 16
VisualStudioVersion = 16.0.30523.141
MinimumVisualStudioVersion = 10.0.40219.1
Project("{FAE04EC0-301F-11D3-BF4B-00C04F79EFBC}") = "Image5", "Image5\Image5.csproj", "{637A7113-5916-4E33-AFC8-B7B32919C8A6}"
EndProject
Global
	GlobalSection(SolutionConfigurationPlatforms) = preSolution
		Debug|Any CPU = Debug|Any CPU
		Release|Any CPU = Release|Any CPU
	EndGlobalSection
	GlobalSection(ProjectConfigurationPlatforms) = postSolution
		{637A7113-5916-4E33-AFC8-B7B32919C8A6}.Debug|Any CPU.ActiveCfg = Debug|Any CPU
		{637A7113-5916-4E33-AFC8-B7B32919C8A6}.Debug|Any CPU.Build.0 = Debug|Any CPU
		{637A7113-5916-4E33-AFC8-B7B32919C8A6}.Release|Any CPU.ActiveCfg = Release|Any CPU
		{637A7113-5916-4E33-AFC8-B7B32919C8A6}.Release|Any CPU.Build.0 = Release|Any CPU
	EndGlobalSection
	GlobalSection(SolutionProperties) = preSolution
		HideSolutionNode = FALSE
	EndGlobalSection
	GlobalSection(ExtensibilityGlobals) = postSolution
		SolutionGuid = {1458311D-8525-4403-9531-2C75E915B10F}
	EndGlobalSection
EndGlobal
