
Microsoft Visual Studio Solution File, Format Version 12.00
# Visual Studio Version 16
VisualStudioVersion = 16.0.31129.286
MinimumVisualStudioVersion = 10.0.40219.1
Project("{FAE04EC0-301F-11D3-BF4B-00C04F79EFBC}") = "Image12", "Image12\Image12.csproj", "{E4F64224-2E10-4014-9FF9-AE259B05F47B}"
EndProject
Global
	GlobalSection(SolutionConfigurationPlatforms) = preSolution
		Debug|Any CPU = Debug|Any CPU
		Release|Any CPU = Release|Any CPU
	EndGlobalSection
	GlobalSection(ProjectConfigurationPlatforms) = postSolution
		{E4F64224-2E10-4014-9FF9-AE259B05F47B}.Debug|Any CPU.ActiveCfg = Debug|Any CPU
		{E4F64224-2E10-4014-9FF9-AE259B05F47B}.Debug|Any CPU.Build.0 = Debug|Any CPU
		{E4F64224-2E10-4014-9FF9-AE259B05F47B}.Release|Any CPU.ActiveCfg = Release|Any CPU
		{E4F64224-2E10-4014-9FF9-AE259B05F47B}.Release|Any CPU.Build.0 = Release|Any CPU
	EndGlobalSection
	GlobalSection(SolutionProperties) = preSolution
		HideSolutionNode = FALSE
	EndGlobalSection
	GlobalSection(ExtensibilityGlobals) = postSolution
		SolutionGuid = {4CF13729-2EC5-4D5D-B191-ADB881403477}
	EndGlobalSection
EndGlobal
